
Microsoft Visual Studio Solution File, Format Version 12.00
# Visual Studio 2013
VisualStudioVersion = 12.0.21005.1
MinimumVisualStudioVersion = 10.0.40219.1
Project("{FAE04EC0-301F-11D3-BF4B-00C04F79EFBC}") = "MGGameEngine", "MGGameEngine\MGGameEngine.csproj", "{BA295329-666B-41D8-9319-7755A638859F}"
EndProject
Project("{FAE04EC0-301F-11D3-BF4B-00C04F79EFBC}") = "GameSystem", "GameSystem\GameSystem.csproj", "{E6E16E6B-E61B-4A90-BB95-08F3D382625D}"
EndProject
Project("{FAE04EC0-301F-11D3-BF4B-00C04F79EFBC}") = "GameNametest", "GameNametest\GameNametest.csproj", "{B51BF2D5-6D9E-4839-BB30-71326D1D5761}"
EndProject
Project("{FAE04EC0-301F-11D3-BF4B-00C04F79EFBC}") = "Myko.Xna.Animation", "Myko.Xna.Animation\Myko.Xna.Animation.csproj", "{811B27BE-A295-402A-980F-9CBE428C8507}"
EndProject
Project("{FAE04EC0-301F-11D3-BF4B-00C04F79EFBC}") = "RaisingStudio.Xna.Graphics", "RaisingStudio.Xna.Graphics\RaisingStudio.Xna.Graphics.csproj", "{CD236CC1-983A-49BB-A00C-C8B50493FE70}"
EndProject
Project("{FAE04EC0-301F-11D3-BF4B-00C04F79EFBC}") = "ConsoleApplication1", "ConsoleApplication1\ConsoleApplication1.csproj", "{5A541A8A-E223-4386-ACD6-9D59BFE50728}"
EndProject
Project("{FAE04EC0-301F-11D3-BF4B-00C04F79EFBC}") = "Yko.Game", "Yko.Game\Yko.Game.csproj", "{F20CC358-B9F5-4EAC-8361-A923B1A87B4F}"
EndProject
Project("{FAE04EC0-301F-11D3-BF4B-00C04F79EFBC}") = "PluginInterface", "PluginInterface\PluginInterface.csproj", "{B9143515-C40C-42D5-836B-04490E8E6926}"
EndProject
Project("{FAE04EC0-301F-11D3-BF4B-00C04F79EFBC}") = "HYM.UI.library", "HYN.UI.library\HYM.UI.library.csproj", "{6BCB597C-81AD-4E18-B279-CDCDA9D19022}"
EndProject
Project("{FAE04EC0-301F-11D3-BF4B-00C04F79EFBC}") = "HYM.System.library", "HYM.System.library\HYM.System.library.csproj", "{97649D22-4ECE-46F4-B757-9426418BD938}"
EndProject
Project("{FAE04EC0-301F-11D3-BF4B-00C04F79EFBC}") = "HYM.Terrain.library", "HYM.Terrain.library\HYM.Terrain.library.csproj", "{C68B8F4A-A46B-4435-8379-9D21729D879F}"
EndProject
Global
	GlobalSection(SolutionConfigurationPlatforms) = preSolution
		Debug Linux|Any CPU = Debug Linux|Any CPU
		Debug Linux|ARM = Debug Linux|ARM
		Debug Linux|Mixed Platforms = Debug Linux|Mixed Platforms
		Debug Linux|x64 = Debug Linux|x64
		Debug Linux|x86 = Debug Linux|x86
		Debug OS X|Any CPU = Debug OS X|Any CPU
		Debug OS X|ARM = Debug OS X|ARM
		Debug OS X|Mixed Platforms = Debug OS X|Mixed Platforms
		Debug OS X|x64 = Debug OS X|x64
		Debug OS X|x86 = Debug OS X|x86
		Debug Windows|Any CPU = Debug Windows|Any CPU
		Debug Windows|ARM = Debug Windows|ARM
		Debug Windows|Mixed Platforms = Debug Windows|Mixed Platforms
		Debug Windows|x64 = Debug Windows|x64
		Debug Windows|x86 = Debug Windows|x86
		Debug|Any CPU = Debug|Any CPU
		Debug|ARM = Debug|ARM
		Debug|Mixed Platforms = Debug|Mixed Platforms
		Debug|x64 = Debug|x64
		Debug|x86 = Debug|x86
		Release 3.5|Any CPU = Release 3.5|Any CPU
		Release 3.5|ARM = Release 3.5|ARM
		Release 3.5|Mixed Platforms = Release 3.5|Mixed Platforms
		Release 3.5|x64 = Release 3.5|x64
		Release 3.5|x86 = Release 3.5|x86
		Release Linux|Any CPU = Release Linux|Any CPU
		Release Linux|ARM = Release Linux|ARM
		Release Linux|Mixed Platforms = Release Linux|Mixed Platforms
		Release Linux|x64 = Release Linux|x64
		Release Linux|x86 = Release Linux|x86
		Release OS X|Any CPU = Release OS X|Any CPU
		Release OS X|ARM = Release OS X|ARM
		Release OS X|Mixed Platforms = Release OS X|Mixed Platforms
		Release OS X|x64 = Release OS X|x64
		Release OS X|x86 = Release OS X|x86
		Release Windows|Any CPU = Release Windows|Any CPU
		Release Windows|ARM = Release Windows|ARM
		Release Windows|Mixed Platforms = Release Windows|Mixed Platforms
		Release Windows|x64 = Release Windows|x64
		Release Windows|x86 = Release Windows|x86
		Release|Any CPU = Release|Any CPU
		Release|ARM = Release|ARM
		Release|Mixed Platforms = Release|Mixed Platforms
		Release|x64 = Release|x64
		Release|x86 = Release|x86
	EndGlobalSection
	GlobalSection(ProjectConfigurationPlatforms) = postSolution
		{BA295329-666B-41D8-9319-7755A638859F}.Debug Linux|Any CPU.ActiveCfg = Debug|x86
		{BA295329-666B-41D8-9319-7755A638859F}.Debug Linux|ARM.ActiveCfg = Debug|x86
		{BA295329-666B-41D8-9319-7755A638859F}.Debug Linux|Mixed Platforms.ActiveCfg = Debug|x86
		{BA295329-666B-41D8-9319-7755A638859F}.Debug Linux|Mixed Platforms.Build.0 = Debug|x86
		{BA295329-666B-41D8-9319-7755A638859F}.Debug Linux|x64.ActiveCfg = Debug|x86
		{BA295329-666B-41D8-9319-7755A638859F}.Debug Linux|x86.ActiveCfg = Debug|x86
		{BA295329-666B-41D8-9319-7755A638859F}.Debug Linux|x86.Build.0 = Debug|x86
		{BA295329-666B-41D8-9319-7755A638859F}.Debug OS X|Any CPU.ActiveCfg = Debug|x86
		{BA295329-666B-41D8-9319-7755A638859F}.Debug OS X|ARM.ActiveCfg = Debug|x86
		{BA295329-666B-41D8-9319-7755A638859F}.Debug OS X|Mixed Platforms.ActiveCfg = Debug|x86
		{BA295329-666B-41D8-9319-7755A638859F}.Debug OS X|Mixed Platforms.Build.0 = Debug|x86
		{BA295329-666B-41D8-9319-7755A638859F}.Debug OS X|x64.ActiveCfg = Debug|x86
		{BA295329-666B-41D8-9319-7755A638859F}.Debug OS X|x86.ActiveCfg = Debug|x86
		{BA295329-666B-41D8-9319-7755A638859F}.Debug OS X|x86.Build.0 = Debug|x86
		{BA295329-666B-41D8-9319-7755A638859F}.Debug Windows|Any CPU.ActiveCfg = Debug|x86
		{BA295329-666B-41D8-9319-7755A638859F}.Debug Windows|ARM.ActiveCfg = Debug|x86
		{BA295329-666B-41D8-9319-7755A638859F}.Debug Windows|Mixed Platforms.ActiveCfg = Debug|x86
		{BA295329-666B-41D8-9319-7755A638859F}.Debug Windows|Mixed Platforms.Build.0 = Debug|x86
		{BA295329-666B-41D8-9319-7755A638859F}.Debug Windows|x64.ActiveCfg = Debug|x86
		{BA295329-666B-41D8-9319-7755A638859F}.Debug Windows|x86.ActiveCfg = Debug|x86
		{BA295329-666B-41D8-9319-7755A638859F}.Debug Windows|x86.Build.0 = Debug|x86
		{BA295329-666B-41D8-9319-7755A638859F}.Debug|Any CPU.ActiveCfg = Debug|x86
		{BA295329-666B-41D8-9319-7755A638859F}.Debug|ARM.ActiveCfg = Debug|x86
		{BA295329-666B-41D8-9319-7755A638859F}.Debug|Mixed Platforms.ActiveCfg = Debug|x86
		{BA295329-666B-41D8-9319-7755A638859F}.Debug|Mixed Platforms.Build.0 = Debug|x86
		{BA295329-666B-41D8-9319-7755A638859F}.Debug|x64.ActiveCfg = Debug|x86
		{BA295329-666B-41D8-9319-7755A638859F}.Debug|x86.ActiveCfg = Debug|x86
		{BA295329-666B-41D8-9319-7755A638859F}.Debug|x86.Build.0 = Debug|x86
		{BA295329-666B-41D8-9319-7755A638859F}.Release 3.5|Any CPU.ActiveCfg = Release|x86
		{BA295329-666B-41D8-9319-7755A638859F}.Release 3.5|ARM.ActiveCfg = Release|x86
		{BA295329-666B-41D8-9319-7755A638859F}.Release 3.5|Mixed Platforms.ActiveCfg = Release|x86
		{BA295329-666B-41D8-9319-7755A638859F}.Release 3.5|Mixed Platforms.Build.0 = Release|x86
		{BA295329-666B-41D8-9319-7755A638859F}.Release 3.5|x64.ActiveCfg = Release|x86
		{BA295329-666B-41D8-9319-7755A638859F}.Release 3.5|x86.ActiveCfg = Release|x86
		{BA295329-666B-41D8-9319-7755A638859F}.Release 3.5|x86.Build.0 = Release|x86
		{BA295329-666B-41D8-9319-7755A638859F}.Release Linux|Any CPU.ActiveCfg = Release|x86
		{BA295329-666B-41D8-9319-7755A638859F}.Release Linux|ARM.ActiveCfg = Release|x86
		{BA295329-666B-41D8-9319-7755A638859F}.Release Linux|Mixed Platforms.ActiveCfg = Release|x86
		{BA295329-666B-41D8-9319-7755A638859F}.Release Linux|Mixed Platforms.Build.0 = Release|x86
		{BA295329-666B-41D8-9319-7755A638859F}.Release Linux|x64.ActiveCfg = Release|x86
		{BA295329-666B-41D8-9319-7755A638859F}.Release Linux|x86.ActiveCfg = Release|x86
		{BA295329-666B-41D8-9319-7755A638859F}.Release Linux|x86.Build.0 = Release|x86
		{BA295329-666B-41D8-9319-7755A638859F}.Release OS X|Any CPU.ActiveCfg = Release|x86
		{BA295329-666B-41D8-9319-7755A638859F}.Release OS X|ARM.ActiveCfg = Release|x86
		{BA295329-666B-41D8-9319-7755A638859F}.Release OS X|Mixed Platforms.ActiveCfg = Release|x86
		{BA295329-666B-41D8-9319-7755A638859F}.Release OS X|Mixed Platforms.Build.0 = Release|x86
		{BA295329-666B-41D8-9319-7755A638859F}.Release OS X|x64.ActiveCfg = Release|x86
		{BA295329-666B-41D8-9319-7755A638859F}.Release OS X|x86.ActiveCfg = Release|x86
		{BA295329-666B-41D8-9319-7755A638859F}.Release OS X|x86.Build.0 = Release|x86
		{BA295329-666B-41D8-9319-7755A638859F}.Release Windows|Any CPU.ActiveCfg = Release|x86
		{BA295329-666B-41D8-9319-7755A638859F}.Release Windows|ARM.ActiveCfg = Release|x86
		{BA295329-666B-41D8-9319-7755A638859F}.Release Windows|Mixed Platforms.ActiveCfg = Release|x86
		{BA295329-666B-41D8-9319-7755A638859F}.Release Windows|Mixed Platforms.Build.0 = Release|x86
		{BA295329-666B-41D8-9319-7755A638859F}.Release Windows|x64.ActiveCfg = Release|x86
		{BA295329-666B-41D8-9319-7755A638859F}.Release Windows|x86.ActiveCfg = Release|x86
		{BA295329-666B-41D8-9319-7755A638859F}.Release Windows|x86.Build.0 = Release|x86
		{BA295329-666B-41D8-9319-7755A638859F}.Release|Any CPU.ActiveCfg = Release|x86
		{BA295329-666B-41D8-9319-7755A638859F}.Release|ARM.ActiveCfg = Release|x86
		{BA295329-666B-41D8-9319-7755A638859F}.Release|Mixed Platforms.ActiveCfg = Release|x86
		{BA295329-666B-41D8-9319-7755A638859F}.Release|Mixed Platforms.Build.0 = Release|x86
		{BA295329-666B-41D8-9319-7755A638859F}.Release|x64.ActiveCfg = Release|x86
		{BA295329-666B-41D8-9319-7755A638859F}.Release|x86.ActiveCfg = Release|x86
		{BA295329-666B-41D8-9319-7755A638859F}.Release|x86.Build.0 = Release|x86
		{E6E16E6B-E61B-4A90-BB95-08F3D382625D}.Debug Linux|Any CPU.ActiveCfg = Debug|Any CPU
		{E6E16E6B-E61B-4A90-BB95-08F3D382625D}.Debug Linux|Any CPU.Build.0 = Debug|Any CPU
		{E6E16E6B-E61B-4A90-BB95-08F3D382625D}.Debug Linux|ARM.ActiveCfg = Debug|Any CPU
		{E6E16E6B-E61B-4A90-BB95-08F3D382625D}.Debug Linux|Mixed Platforms.ActiveCfg = Debug|Any CPU
		{E6E16E6B-E61B-4A90-BB95-08F3D382625D}.Debug Linux|Mixed Platforms.Build.0 = Debug|Any CPU
		{E6E16E6B-E61B-4A90-BB95-08F3D382625D}.Debug Linux|x64.ActiveCfg = Debug|Any CPU
		{E6E16E6B-E61B-4A90-BB95-08F3D382625D}.Debug Linux|x86.ActiveCfg = Debug|Any CPU
		{E6E16E6B-E61B-4A90-BB95-08F3D382625D}.Debug OS X|Any CPU.ActiveCfg = Debug|Any CPU
		{E6E16E6B-E61B-4A90-BB95-08F3D382625D}.Debug OS X|Any CPU.Build.0 = Debug|Any CPU
		{E6E16E6B-E61B-4A90-BB95-08F3D382625D}.Debug OS X|ARM.ActiveCfg = Debug|Any CPU
		{E6E16E6B-E61B-4A90-BB95-08F3D382625D}.Debug OS X|Mixed Platforms.ActiveCfg = Debug|Any CPU
		{E6E16E6B-E61B-4A90-BB95-08F3D382625D}.Debug OS X|Mixed Platforms.Build.0 = Debug|Any CPU
		{E6E16E6B-E61B-4A90-BB95-08F3D382625D}.Debug OS X|x64.ActiveCfg = Debug|Any CPU
		{E6E16E6B-E61B-4A90-BB95-08F3D382625D}.Debug OS X|x86.ActiveCfg = Debug|Any CPU
		{E6E16E6B-E61B-4A90-BB95-08F3D382625D}.Debug Windows|Any CPU.ActiveCfg = Debug|Any CPU
		{E6E16E6B-E61B-4A90-BB95-08F3D382625D}.Debug Windows|Any CPU.Build.0 = Debug|Any CPU
		{E6E16E6B-E61B-4A90-BB95-08F3D382625D}.Debug Windows|ARM.ActiveCfg = Debug|Any CPU
		{E6E16E6B-E61B-4A90-BB95-08F3D382625D}.Debug Windows|Mixed Platforms.ActiveCfg = Debug|Any CPU
		{E6E16E6B-E61B-4A90-BB95-08F3D382625D}.Debug Windows|Mixed Platforms.Build.0 = Debug|Any CPU
		{E6E16E6B-E61B-4A90-BB95-08F3D382625D}.Debug Windows|x64.ActiveCfg = Debug|Any CPU
		{E6E16E6B-E61B-4A90-BB95-08F3D382625D}.Debug Windows|x86.ActiveCfg = Debug|Any CPU
		{E6E16E6B-E61B-4A90-BB95-08F3D382625D}.Debug|Any CPU.ActiveCfg = Debug|Any CPU
		{E6E16E6B-E61B-4A90-BB95-08F3D382625D}.Debug|Any CPU.Build.0 = Debug|Any CPU
		{E6E16E6B-E61B-4A90-BB95-08F3D382625D}.Debug|ARM.ActiveCfg = Debug|Any CPU
		{E6E16E6B-E61B-4A90-BB95-08F3D382625D}.Debug|Mixed Platforms.ActiveCfg = Debug|Any CPU
		{E6E16E6B-E61B-4A90-BB95-08F3D382625D}.Debug|Mixed Platforms.Build.0 = Debug|Any CPU
		{E6E16E6B-E61B-4A90-BB95-08F3D382625D}.Debug|x64.ActiveCfg = Debug|Any CPU
		{E6E16E6B-E61B-4A90-BB95-08F3D382625D}.Debug|x86.ActiveCfg = Debug|Any CPU
		{E6E16E6B-E61B-4A90-BB95-08F3D382625D}.Release 3.5|Any CPU.ActiveCfg = Release|Any CPU
		{E6E16E6B-E61B-4A90-BB95-08F3D382625D}.Release 3.5|Any CPU.Build.0 = Release|Any CPU
		{E6E16E6B-E61B-4A90-BB95-08F3D382625D}.Release 3.5|ARM.ActiveCfg = Release|Any CPU
		{E6E16E6B-E61B-4A90-BB95-08F3D382625D}.Release 3.5|Mixed Platforms.ActiveCfg = Release|Any CPU
		{E6E16E6B-E61B-4A90-BB95-08F3D382625D}.Release 3.5|Mixed Platforms.Build.0 = Release|Any CPU
		{E6E16E6B-E61B-4A90-BB95-08F3D382625D}.Release 3.5|x64.ActiveCfg = Release|Any CPU
		{E6E16E6B-E61B-4A90-BB95-08F3D382625D}.Release 3.5|x86.ActiveCfg = Release|Any CPU
		{E6E16E6B-E61B-4A90-BB95-08F3D382625D}.Release Linux|Any CPU.ActiveCfg = Release|Any CPU
		{E6E16E6B-E61B-4A90-BB95-08F3D382625D}.Release Linux|Any CPU.Build.0 = Release|Any CPU
		{E6E16E6B-E61B-4A90-BB95-08F3D382625D}.Release Linux|ARM.ActiveCfg = Release|Any CPU
		{E6E16E6B-E61B-4A90-BB95-08F3D382625D}.Release Linux|Mixed Platforms.ActiveCfg = Release|Any CPU
		{E6E16E6B-E61B-4A90-BB95-08F3D382625D}.Release Linux|Mixed Platforms.Build.0 = Release|Any CPU
		{E6E16E6B-E61B-4A90-BB95-08F3D382625D}.Release Linux|x64.ActiveCfg = Release|Any CPU
		{E6E16E6B-E61B-4A90-BB95-08F3D382625D}.Release Linux|x86.ActiveCfg = Release|Any CPU
		{E6E16E6B-E61B-4A90-BB95-08F3D382625D}.Release OS X|Any CPU.ActiveCfg = Release|Any CPU
		{E6E16E6B-E61B-4A90-BB95-08F3D382625D}.Release OS X|Any CPU.Build.0 = Release|Any CPU
		{E6E16E6B-E61B-4A90-BB95-08F3D382625D}.Release OS X|ARM.ActiveCfg = Release|Any CPU
		{E6E16E6B-E61B-4A90-BB95-08F3D382625D}.Release OS X|Mixed Platforms.ActiveCfg = Release|Any CPU
		{E6E16E6B-E61B-4A90-BB95-08F3D382625D}.Release OS X|Mixed Platforms.Build.0 = Release|Any CPU
		{E6E16E6B-E61B-4A90-BB95-08F3D382625D}.Release OS X|x64.ActiveCfg = Release|Any CPU
		{E6E16E6B-E61B-4A90-BB95-08F3D382625D}.Release OS X|x86.ActiveCfg = Release|Any CPU
		{E6E16E6B-E61B-4A90-BB95-08F3D382625D}.Release Windows|Any CPU.ActiveCfg = Release|Any CPU
		{E6E16E6B-E61B-4A90-BB95-08F3D382625D}.Release Windows|Any CPU.Build.0 = Release|Any CPU
		{E6E16E6B-E61B-4A90-BB95-08F3D382625D}.Release Windows|ARM.ActiveCfg = Release|Any CPU
		{E6E16E6B-E61B-4A90-BB95-08F3D382625D}.Release Windows|Mixed Platforms.ActiveCfg = Release|Any CPU
		{E6E16E6B-E61B-4A90-BB95-08F3D382625D}.Release Windows|Mixed Platforms.Build.0 = Release|Any CPU
		{E6E16E6B-E61B-4A90-BB95-08F3D382625D}.Release Windows|x64.ActiveCfg = Release|Any CPU
		{E6E16E6B-E61B-4A90-BB95-08F3D382625D}.Release Windows|x86.ActiveCfg = Release|Any CPU
		{E6E16E6B-E61B-4A90-BB95-08F3D382625D}.Release|Any CPU.ActiveCfg = Release|Any CPU
		{E6E16E6B-E61B-4A90-BB95-08F3D382625D}.Release|Any CPU.Build.0 = Release|Any CPU
		{E6E16E6B-E61B-4A90-BB95-08F3D382625D}.Release|ARM.ActiveCfg = Release|Any CPU
		{E6E16E6B-E61B-4A90-BB95-08F3D382625D}.Release|Mixed Platforms.ActiveCfg = Release|Any CPU
		{E6E16E6B-E61B-4A90-BB95-08F3D382625D}.Release|Mixed Platforms.Build.0 = Release|Any CPU
		{E6E16E6B-E61B-4A90-BB95-08F3D382625D}.Release|x64.ActiveCfg = Release|Any CPU
		{E6E16E6B-E61B-4A90-BB95-08F3D382625D}.Release|x86.ActiveCfg = Release|Any CPU
		{B51BF2D5-6D9E-4839-BB30-71326D1D5761}.Debug Linux|Any CPU.ActiveCfg = Debug|x86
		{B51BF2D5-6D9E-4839-BB30-71326D1D5761}.Debug Linux|ARM.ActiveCfg = Debug|x86
		{B51BF2D5-6D9E-4839-BB30-71326D1D5761}.Debug Linux|Mixed Platforms.ActiveCfg = Debug|x86
		{B51BF2D5-6D9E-4839-BB30-71326D1D5761}.Debug Linux|Mixed Platforms.Build.0 = Debug|x86
		{B51BF2D5-6D9E-4839-BB30-71326D1D5761}.Debug Linux|x64.ActiveCfg = Debug|x86
		{B51BF2D5-6D9E-4839-BB30-71326D1D5761}.Debug Linux|x86.ActiveCfg = Debug|x86
		{B51BF2D5-6D9E-4839-BB30-71326D1D5761}.Debug Linux|x86.Build.0 = Debug|x86
		{B51BF2D5-6D9E-4839-BB30-71326D1D5761}.Debug OS X|Any CPU.ActiveCfg = Debug|x86
		{B51BF2D5-6D9E-4839-BB30-71326D1D5761}.Debug OS X|ARM.ActiveCfg = Debug|x86
		{B51BF2D5-6D9E-4839-BB30-71326D1D5761}.Debug OS X|Mixed Platforms.ActiveCfg = Debug|x86
		{B51BF2D5-6D9E-4839-BB30-71326D1D5761}.Debug OS X|Mixed Platforms.Build.0 = Debug|x86
		{B51BF2D5-6D9E-4839-BB30-71326D1D5761}.Debug OS X|x64.ActiveCfg = Debug|x86
		{B51BF2D5-6D9E-4839-BB30-71326D1D5761}.Debug OS X|x86.ActiveCfg = Debug|x86
		{B51BF2D5-6D9E-4839-BB30-71326D1D5761}.Debug OS X|x86.Build.0 = Debug|x86
		{B51BF2D5-6D9E-4839-BB30-71326D1D5761}.Debug Windows|Any CPU.ActiveCfg = Debug|x86
		{B51BF2D5-6D9E-4839-BB30-71326D1D5761}.Debug Windows|ARM.ActiveCfg = Debug|x86
		{B51BF2D5-6D9E-4839-BB30-71326D1D5761}.Debug Windows|Mixed Platforms.ActiveCfg = Debug|x86
		{B51BF2D5-6D9E-4839-BB30-71326D1D5761}.Debug Windows|Mixed Platforms.Build.0 = Debug|x86
		{B51BF2D5-6D9E-4839-BB30-71326D1D5761}.Debug Windows|x64.ActiveCfg = Debug|x86
		{B51BF2D5-6D9E-4839-BB30-71326D1D5761}.Debug Windows|x86.ActiveCfg = Debug|x86
		{B51BF2D5-6D9E-4839-BB30-71326D1D5761}.Debug Windows|x86.Build.0 = Debug|x86
		{B51BF2D5-6D9E-4839-BB30-71326D1D5761}.Debug|Any CPU.ActiveCfg = Debug|x86
		{B51BF2D5-6D9E-4839-BB30-71326D1D5761}.Debug|ARM.ActiveCfg = Debug|x86
		{B51BF2D5-6D9E-4839-BB30-71326D1D5761}.Debug|Mixed Platforms.ActiveCfg = Debug|x86
		{B51BF2D5-6D9E-4839-BB30-71326D1D5761}.Debug|Mixed Platforms.Build.0 = Debug|x86
		{B51BF2D5-6D9E-4839-BB30-71326D1D5761}.Debug|x64.ActiveCfg = Debug|x86
		{B51BF2D5-6D9E-4839-BB30-71326D1D5761}.Debug|x86.ActiveCfg = Debug|x86
		{B51BF2D5-6D9E-4839-BB30-71326D1D5761}.Debug|x86.Build.0 = Debug|x86
		{B51BF2D5-6D9E-4839-BB30-71326D1D5761}.Release 3.5|Any CPU.ActiveCfg = Release|x86
		{B51BF2D5-6D9E-4839-BB30-71326D1D5761}.Release 3.5|ARM.ActiveCfg = Release|x86
		{B51BF2D5-6D9E-4839-BB30-71326D1D5761}.Release 3.5|Mixed Platforms.ActiveCfg = Release|x86
		{B51BF2D5-6D9E-4839-BB30-71326D1D5761}.Release 3.5|Mixed Platforms.Build.0 = Release|x86
		{B51BF2D5-6D9E-4839-BB30-71326D1D5761}.Release 3.5|x64.ActiveCfg = Release|x86
		{B51BF2D5-6D9E-4839-BB30-71326D1D5761}.Release 3.5|x86.ActiveCfg = Release|x86
		{B51BF2D5-6D9E-4839-BB30-71326D1D5761}.Release 3.5|x86.Build.0 = Release|x86
		{B51BF2D5-6D9E-4839-BB30-71326D1D5761}.Release Linux|Any CPU.ActiveCfg = Release|x86
		{B51BF2D5-6D9E-4839-BB30-71326D1D5761}.Release Linux|ARM.ActiveCfg = Release|x86
		{B51BF2D5-6D9E-4839-BB30-71326D1D5761}.Release Linux|Mixed Platforms.ActiveCfg = Release|x86
		{B51BF2D5-6D9E-4839-BB30-71326D1D5761}.Release Linux|Mixed Platforms.Build.0 = Release|x86
		{B51BF2D5-6D9E-4839-BB30-71326D1D5761}.Release Linux|x64.ActiveCfg = Release|x86
		{B51BF2D5-6D9E-4839-BB30-71326D1D5761}.Release Linux|x86.ActiveCfg = Release|x86
		{B51BF2D5-6D9E-4839-BB30-71326D1D5761}.Release Linux|x86.Build.0 = Release|x86
		{B51BF2D5-6D9E-4839-BB30-71326D1D5761}.Release OS X|Any CPU.ActiveCfg = Release|x86
		{B51BF2D5-6D9E-4839-BB30-71326D1D5761}.Release OS X|ARM.ActiveCfg = Release|x86
		{B51BF2D5-6D9E-4839-BB30-71326D1D5761}.Release OS X|Mixed Platforms.ActiveCfg = Release|x86
		{B51BF2D5-6D9E-4839-BB30-71326D1D5761}.Release OS X|Mixed Platforms.Build.0 = Release|x86
		{B51BF2D5-6D9E-4839-BB30-71326D1D5761}.Release OS X|x64.ActiveCfg = Release|x86
		{B51BF2D5-6D9E-4839-BB30-71326D1D5761}.Release OS X|x86.ActiveCfg = Release|x86
		{B51BF2D5-6D9E-4839-BB30-71326D1D5761}.Release OS X|x86.Build.0 = Release|x86
		{B51BF2D5-6D9E-4839-BB30-71326D1D5761}.Release Windows|Any CPU.ActiveCfg = Release|x86
		{B51BF2D5-6D9E-4839-BB30-71326D1D5761}.Release Windows|ARM.ActiveCfg = Release|x86
		{B51BF2D5-6D9E-4839-BB30-71326D1D5761}.Release Windows|Mixed Platforms.ActiveCfg = Release|x86
		{B51BF2D5-6D9E-4839-BB30-71326D1D5761}.Release Windows|Mixed Platforms.Build.0 = Release|x86
		{B51BF2D5-6D9E-4839-BB30-71326D1D5761}.Release Windows|x64.ActiveCfg = Release|x86
		{B51BF2D5-6D9E-4839-BB30-71326D1D5761}.Release Windows|x86.ActiveCfg = Release|x86
		{B51BF2D5-6D9E-4839-BB30-71326D1D5761}.Release Windows|x86.Build.0 = Release|x86
		{B51BF2D5-6D9E-4839-BB30-71326D1D5761}.Release|Any CPU.ActiveCfg = Release|x86
		{B51BF2D5-6D9E-4839-BB30-71326D1D5761}.Release|ARM.ActiveCfg = Release|x86
		{B51BF2D5-6D9E-4839-BB30-71326D1D5761}.Release|Mixed Platforms.ActiveCfg = Release|x86
		{B51BF2D5-6D9E-4839-BB30-71326D1D5761}.Release|Mixed Platforms.Build.0 = Release|x86
		{B51BF2D5-6D9E-4839-BB30-71326D1D5761}.Release|x64.ActiveCfg = Release|x86
		{B51BF2D5-6D9E-4839-BB30-71326D1D5761}.Release|x86.ActiveCfg = Release|x86
		{B51BF2D5-6D9E-4839-BB30-71326D1D5761}.Release|x86.Build.0 = Release|x86
		{811B27BE-A295-402A-980F-9CBE428C8507}.Debug Linux|Any CPU.ActiveCfg = Debug|x86
		{811B27BE-A295-402A-980F-9CBE428C8507}.Debug Linux|ARM.ActiveCfg = Debug|x86
		{811B27BE-A295-402A-980F-9CBE428C8507}.Debug Linux|Mixed Platforms.ActiveCfg = Debug|x86
		{811B27BE-A295-402A-980F-9CBE428C8507}.Debug Linux|Mixed Platforms.Build.0 = Debug|x86
		{811B27BE-A295-402A-980F-9CBE428C8507}.Debug Linux|x64.ActiveCfg = Debug|x86
		{811B27BE-A295-402A-980F-9CBE428C8507}.Debug Linux|x86.ActiveCfg = Debug|x86
		{811B27BE-A295-402A-980F-9CBE428C8507}.Debug Linux|x86.Build.0 = Debug|x86
		{811B27BE-A295-402A-980F-9CBE428C8507}.Debug OS X|Any CPU.ActiveCfg = Debug|x86
		{811B27BE-A295-402A-980F-9CBE428C8507}.Debug OS X|ARM.ActiveCfg = Debug|x86
		{811B27BE-A295-402A-980F-9CBE428C8507}.Debug OS X|Mixed Platforms.ActiveCfg = Debug|x86
		{811B27BE-A295-402A-980F-9CBE428C8507}.Debug OS X|Mixed Platforms.Build.0 = Debug|x86
		{811B27BE-A295-402A-980F-9CBE428C8507}.Debug OS X|x64.ActiveCfg = Debug|x86
		{811B27BE-A295-402A-980F-9CBE428C8507}.Debug OS X|x86.ActiveCfg = Debug|x86
		{811B27BE-A295-402A-980F-9CBE428C8507}.Debug OS X|x86.Build.0 = Debug|x86
		{811B27BE-A295-402A-980F-9CBE428C8507}.Debug Windows|Any CPU.ActiveCfg = Debug|x86
		{811B27BE-A295-402A-980F-9CBE428C8507}.Debug Windows|ARM.ActiveCfg = Debug|x86
		{811B27BE-A295-402A-980F-9CBE428C8507}.Debug Windows|Mixed Platforms.ActiveCfg = Debug|x86
		{811B27BE-A295-402A-980F-9CBE428C8507}.Debug Windows|Mixed Platforms.Build.0 = Debug|x86
		{811B27BE-A295-402A-980F-9CBE428C8507}.Debug Windows|x64.ActiveCfg = Debug|x86
		{811B27BE-A295-402A-980F-9CBE428C8507}.Debug Windows|x86.ActiveCfg = Debug|x86
		{811B27BE-A295-402A-980F-9CBE428C8507}.Debug Windows|x86.Build.0 = Debug|x86
		{811B27BE-A295-402A-980F-9CBE428C8507}.Debug|Any CPU.ActiveCfg = Debug|x86
		{811B27BE-A295-402A-980F-9CBE428C8507}.Debug|ARM.ActiveCfg = Debug|x86
		{811B27BE-A295-402A-980F-9CBE428C8507}.Debug|Mixed Platforms.ActiveCfg = Debug|x86
		{811B27BE-A295-402A-980F-9CBE428C8507}.Debug|Mixed Platforms.Build.0 = Debug|x86
		{811B27BE-A295-402A-980F-9CBE428C8507}.Debug|x64.ActiveCfg = Debug|x86
		{811B27BE-A295-402A-980F-9CBE428C8507}.Debug|x86.ActiveCfg = Debug|x86
		{811B27BE-A295-402A-980F-9CBE428C8507}.Debug|x86.Build.0 = Debug|x86
		{811B27BE-A295-402A-980F-9CBE428C8507}.Release 3.5|Any CPU.ActiveCfg = Release|x86
		{811B27BE-A295-402A-980F-9CBE428C8507}.Release 3.5|ARM.ActiveCfg = Release|x86
		{811B27BE-A295-402A-980F-9CBE428C8507}.Release 3.5|Mixed Platforms.ActiveCfg = Release|x86
		{811B27BE-A295-402A-980F-9CBE428C8507}.Release 3.5|Mixed Platforms.Build.0 = Release|x86
		{811B27BE-A295-402A-980F-9CBE428C8507}.Release 3.5|x64.ActiveCfg = Release|x86
		{811B27BE-A295-402A-980F-9CBE428C8507}.Release 3.5|x86.ActiveCfg = Release|x86
		{811B27BE-A295-402A-980F-9CBE428C8507}.Release 3.5|x86.Build.0 = Release|x86
		{811B27BE-A295-402A-980F-9CBE428C8507}.Release Linux|Any CPU.ActiveCfg = Release|x86
		{811B27BE-A295-402A-980F-9CBE428C8507}.Release Linux|ARM.ActiveCfg = Release|x86
		{811B27BE-A295-402A-980F-9CBE428C8507}.Release Linux|Mixed Platforms.ActiveCfg = Release|x86
		{811B27BE-A295-402A-980F-9CBE428C8507}.Release Linux|Mixed Platforms.Build.0 = Release|x86
		{811B27BE-A295-402A-980F-9CBE428C8507}.Release Linux|x64.ActiveCfg = Release|x86
		{811B27BE-A295-402A-980F-9CBE428C8507}.Release Linux|x86.ActiveCfg = Release|x86
		{811B27BE-A295-402A-980F-9CBE428C8507}.Release Linux|x86.Build.0 = Release|x86
		{811B27BE-A295-402A-980F-9CBE428C8507}.Release OS X|Any CPU.ActiveCfg = Release|x86
		{811B27BE-A295-402A-980F-9CBE428C8507}.Release OS X|ARM.ActiveCfg = Release|x86
		{811B27BE-A295-402A-980F-9CBE428C8507}.Release OS X|Mixed Platforms.ActiveCfg = Release|x86
		{811B27BE-A295-402A-980F-9CBE428C8507}.Release OS X|Mixed Platforms.Build.0 = Release|x86
		{811B27BE-A295-402A-980F-9CBE428C8507}.Release OS X|x64.ActiveCfg = Release|x86
		{811B27BE-A295-402A-980F-9CBE428C8507}.Release OS X|x86.ActiveCfg = Release|x86
		{811B27BE-A295-402A-980F-9CBE428C8507}.Release OS X|x86.Build.0 = Release|x86
		{811B27BE-A295-402A-980F-9CBE428C8507}.Release Windows|Any CPU.ActiveCfg = Release|x86
		{811B27BE-A295-402A-980F-9CBE428C8507}.Release Windows|ARM.ActiveCfg = Release|x86
		{811B27BE-A295-402A-980F-9CBE428C8507}.Release Windows|Mixed Platforms.ActiveCfg = Release|x86
		{811B27BE-A295-402A-980F-9CBE428C8507}.Release Windows|Mixed Platforms.Build.0 = Release|x86
		{811B27BE-A295-402A-980F-9CBE428C8507}.Release Windows|x64.ActiveCfg = Release|x86
		{811B27BE-A295-402A-980F-9CBE428C8507}.Release Windows|x86.ActiveCfg = Release|x86
		{811B27BE-A295-402A-980F-9CBE428C8507}.Release Windows|x86.Build.0 = Release|x86
		{811B27BE-A295-402A-980F-9CBE428C8507}.Release|Any CPU.ActiveCfg = Release|x86
		{811B27BE-A295-402A-980F-9CBE428C8507}.Release|ARM.ActiveCfg = Release|x86
		{811B27BE-A295-402A-980F-9CBE428C8507}.Release|Mixed Platforms.ActiveCfg = Release|x86
		{811B27BE-A295-402A-980F-9CBE428C8507}.Release|Mixed Platforms.Build.0 = Release|x86
		{811B27BE-A295-402A-980F-9CBE428C8507}.Release|x64.ActiveCfg = Release|x86
		{811B27BE-A295-402A-980F-9CBE428C8507}.Release|x86.ActiveCfg = Release|x86
		{811B27BE-A295-402A-980F-9CBE428C8507}.Release|x86.Build.0 = Release|x86
		{CD236CC1-983A-49BB-A00C-C8B50493FE70}.Debug Linux|Any CPU.ActiveCfg = Debug|x86
		{CD236CC1-983A-49BB-A00C-C8B50493FE70}.Debug Linux|ARM.ActiveCfg = Debug|x86
		{CD236CC1-983A-49BB-A00C-C8B50493FE70}.Debug Linux|Mixed Platforms.ActiveCfg = Debug|x86
		{CD236CC1-983A-49BB-A00C-C8B50493FE70}.Debug Linux|Mixed Platforms.Build.0 = Debug|x86
		{CD236CC1-983A-49BB-A00C-C8B50493FE70}.Debug Linux|x64.ActiveCfg = Debug|x86
		{CD236CC1-983A-49BB-A00C-C8B50493FE70}.Debug Linux|x86.ActiveCfg = Debug|x86
		{CD236CC1-983A-49BB-A00C-C8B50493FE70}.Debug Linux|x86.Build.0 = Debug|x86
		{CD236CC1-983A-49BB-A00C-C8B50493FE70}.Debug OS X|Any CPU.ActiveCfg = Debug|x86
		{CD236CC1-983A-49BB-A00C-C8B50493FE70}.Debug OS X|ARM.ActiveCfg = Debug|x86
		{CD236CC1-983A-49BB-A00C-C8B50493FE70}.Debug OS X|Mixed Platforms.ActiveCfg = Debug|x86
		{CD236CC1-983A-49BB-A00C-C8B50493FE70}.Debug OS X|Mixed Platforms.Build.0 = Debug|x86
		{CD236CC1-983A-49BB-A00C-C8B50493FE70}.Debug OS X|x64.ActiveCfg = Debug|x86
		{CD236CC1-983A-49BB-A00C-C8B50493FE70}.Debug OS X|x86.ActiveCfg = Debug|x86
		{CD236CC1-983A-49BB-A00C-C8B50493FE70}.Debug OS X|x86.Build.0 = Debug|x86
		{CD236CC1-983A-49BB-A00C-C8B50493FE70}.Debug Windows|Any CPU.ActiveCfg = Debug|x86
		{CD236CC1-983A-49BB-A00C-C8B50493FE70}.Debug Windows|ARM.ActiveCfg = Debug|x86
		{CD236CC1-983A-49BB-A00C-C8B50493FE70}.Debug Windows|Mixed Platforms.ActiveCfg = Debug|x86
		{CD236CC1-983A-49BB-A00C-C8B50493FE70}.Debug Windows|Mixed Platforms.Build.0 = Debug|x86
		{CD236CC1-983A-49BB-A00C-C8B50493FE70}.Debug Windows|x64.ActiveCfg = Debug|x86
		{CD236CC1-983A-49BB-A00C-C8B50493FE70}.Debug Windows|x86.ActiveCfg = Debug|x86
		{CD236CC1-983A-49BB-A00C-C8B50493FE70}.Debug Windows|x86.Build.0 = Debug|x86
		{CD236CC1-983A-49BB-A00C-C8B50493FE70}.Debug|Any CPU.ActiveCfg = Debug|x86
		{CD236CC1-983A-49BB-A00C-C8B50493FE70}.Debug|ARM.ActiveCfg = Debug|x86
		{CD236CC1-983A-49BB-A00C-C8B50493FE70}.Debug|Mixed Platforms.ActiveCfg = Debug|x86
		{CD236CC1-983A-49BB-A00C-C8B50493FE70}.Debug|Mixed Platforms.Build.0 = Debug|x86
		{CD236CC1-983A-49BB-A00C-C8B50493FE70}.Debug|x64.ActiveCfg = Debug|x86
		{CD236CC1-983A-49BB-A00C-C8B50493FE70}.Debug|x86.ActiveCfg = Debug|x86
		{CD236CC1-983A-49BB-A00C-C8B50493FE70}.Debug|x86.Build.0 = Debug|x86
		{CD236CC1-983A-49BB-A00C-C8B50493FE70}.Release 3.5|Any CPU.ActiveCfg = Release|x86
		{CD236CC1-983A-49BB-A00C-C8B50493FE70}.Release 3.5|ARM.ActiveCfg = Release|x86
		{CD236CC1-983A-49BB-A00C-C8B50493FE70}.Release 3.5|Mixed Platforms.ActiveCfg = Release|x86
		{CD236CC1-983A-49BB-A00C-C8B50493FE70}.Release 3.5|Mixed Platforms.Build.0 = Release|x86
		{CD236CC1-983A-49BB-A00C-C8B50493FE70}.Release 3.5|x64.ActiveCfg = Release|x86
		{CD236CC1-983A-49BB-A00C-C8B50493FE70}.Release 3.5|x86.ActiveCfg = Release|x86
		{CD236CC1-983A-49BB-A00C-C8B50493FE70}.Release 3.5|x86.Build.0 = Release|x86
		{CD236CC1-983A-49BB-A00C-C8B50493FE70}.Release Linux|Any CPU.ActiveCfg = Release|x86
		{CD236CC1-983A-49BB-A00C-C8B50493FE70}.Release Linux|ARM.ActiveCfg = Release|x86
		{CD236CC1-983A-49BB-A00C-C8B50493FE70}.Release Linux|Mixed Platforms.ActiveCfg = Release|x86
		{CD236CC1-983A-49BB-A00C-C8B50493FE70}.Release Linux|Mixed Platforms.Build.0 = Release|x86
		{CD236CC1-983A-49BB-A00C-C8B50493FE70}.Release Linux|x64.ActiveCfg = Release|x86
		{CD236CC1-983A-49BB-A00C-C8B50493FE70}.Release Linux|x86.ActiveCfg = Release|x86
		{CD236CC1-983A-49BB-A00C-C8B50493FE70}.Release Linux|x86.Build.0 = Release|x86
		{CD236CC1-983A-49BB-A00C-C8B50493FE70}.Release OS X|Any CPU.ActiveCfg = Release|x86
		{CD236CC1-983A-49BB-A00C-C8B50493FE70}.Release OS X|ARM.ActiveCfg = Release|x86
		{CD236CC1-983A-49BB-A00C-C8B50493FE70}.Release OS X|Mixed Platforms.ActiveCfg = Release|x86
		{CD236CC1-983A-49BB-A00C-C8B50493FE70}.Release OS X|Mixed Platforms.Build.0 = Release|x86
		{CD236CC1-983A-49BB-A00C-C8B50493FE70}.Release OS X|x64.ActiveCfg = Release|x86
		{CD236CC1-983A-49BB-A00C-C8B50493FE70}.Release OS X|x86.ActiveCfg = Release|x86
		{CD236CC1-983A-49BB-A00C-C8B50493FE70}.Release OS X|x86.Build.0 = Release|x86
		{CD236CC1-983A-49BB-A00C-C8B50493FE70}.Release Windows|Any CPU.ActiveCfg = Release|x86
		{CD236CC1-983A-49BB-A00C-C8B50493FE70}.Release Windows|ARM.ActiveCfg = Release|x86
		{CD236CC1-983A-49BB-A00C-C8B50493FE70}.Release Windows|Mixed Platforms.ActiveCfg = Release|x86
		{CD236CC1-983A-49BB-A00C-C8B50493FE70}.Release Windows|Mixed Platforms.Build.0 = Release|x86
		{CD236CC1-983A-49BB-A00C-C8B50493FE70}.Release Windows|x64.ActiveCfg = Release|x86
		{CD236CC1-983A-49BB-A00C-C8B50493FE70}.Release Windows|x86.ActiveCfg = Release|x86
		{CD236CC1-983A-49BB-A00C-C8B50493FE70}.Release Windows|x86.Build.0 = Release|x86
		{CD236CC1-983A-49BB-A00C-C8B50493FE70}.Release|Any CPU.ActiveCfg = Release|x86
		{CD236CC1-983A-49BB-A00C-C8B50493FE70}.Release|ARM.ActiveCfg = Release|x86
		{CD236CC1-983A-49BB-A00C-C8B50493FE70}.Release|Mixed Platforms.ActiveCfg = Release|x86
		{CD236CC1-983A-49BB-A00C-C8B50493FE70}.Release|Mixed Platforms.Build.0 = Release|x86
		{CD236CC1-983A-49BB-A00C-C8B50493FE70}.Release|x64.ActiveCfg = Release|x86
		{CD236CC1-983A-49BB-A00C-C8B50493FE70}.Release|x86.ActiveCfg = Release|x86
		{CD236CC1-983A-49BB-A00C-C8B50493FE70}.Release|x86.Build.0 = Release|x86
		{5A541A8A-E223-4386-ACD6-9D59BFE50728}.Debug Linux|Any CPU.ActiveCfg = Debug|Any CPU
		{5A541A8A-E223-4386-ACD6-9D59BFE50728}.Debug Linux|Any CPU.Build.0 = Debug|Any CPU
		{5A541A8A-E223-4386-ACD6-9D59BFE50728}.Debug Linux|ARM.ActiveCfg = Debug|Any CPU
		{5A541A8A-E223-4386-ACD6-9D59BFE50728}.Debug Linux|Mixed Platforms.ActiveCfg = Debug|Any CPU
		{5A541A8A-E223-4386-ACD6-9D59BFE50728}.Debug Linux|Mixed Platforms.Build.0 = Debug|Any CPU
		{5A541A8A-E223-4386-ACD6-9D59BFE50728}.Debug Linux|x64.ActiveCfg = Debug|Any CPU
		{5A541A8A-E223-4386-ACD6-9D59BFE50728}.Debug Linux|x86.ActiveCfg = Debug|Any CPU
		{5A541A8A-E223-4386-ACD6-9D59BFE50728}.Debug OS X|Any CPU.ActiveCfg = Debug|Any CPU
		{5A541A8A-E223-4386-ACD6-9D59BFE50728}.Debug OS X|Any CPU.Build.0 = Debug|Any CPU
		{5A541A8A-E223-4386-ACD6-9D59BFE50728}.Debug OS X|ARM.ActiveCfg = Debug|Any CPU
		{5A541A8A-E223-4386-ACD6-9D59BFE50728}.Debug OS X|Mixed Platforms.ActiveCfg = Debug|Any CPU
		{5A541A8A-E223-4386-ACD6-9D59BFE50728}.Debug OS X|Mixed Platforms.Build.0 = Debug|Any CPU
		{5A541A8A-E223-4386-ACD6-9D59BFE50728}.Debug OS X|x64.ActiveCfg = Debug|Any CPU
		{5A541A8A-E223-4386-ACD6-9D59BFE50728}.Debug OS X|x86.ActiveCfg = Debug|Any CPU
		{5A541A8A-E223-4386-ACD6-9D59BFE50728}.Debug Windows|Any CPU.ActiveCfg = Debug|Any CPU
		{5A541A8A-E223-4386-ACD6-9D59BFE50728}.Debug Windows|Any CPU.Build.0 = Debug|Any CPU
		{5A541A8A-E223-4386-ACD6-9D59BFE50728}.Debug Windows|ARM.ActiveCfg = Debug|Any CPU
		{5A541A8A-E223-4386-ACD6-9D59BFE50728}.Debug Windows|Mixed Platforms.ActiveCfg = Debug|Any CPU
		{5A541A8A-E223-4386-ACD6-9D59BFE50728}.Debug Windows|Mixed Platforms.Build.0 = Debug|Any CPU
		{5A541A8A-E223-4386-ACD6-9D59BFE50728}.Debug Windows|x64.ActiveCfg = Debug|Any CPU
		{5A541A8A-E223-4386-ACD6-9D59BFE50728}.Debug Windows|x86.ActiveCfg = Debug|Any CPU
		{5A541A8A-E223-4386-ACD6-9D59BFE50728}.Debug|Any CPU.ActiveCfg = Debug|Any CPU
		{5A541A8A-E223-4386-ACD6-9D59BFE50728}.Debug|Any CPU.Build.0 = Debug|Any CPU
		{5A541A8A-E223-4386-ACD6-9D59BFE50728}.Debug|ARM.ActiveCfg = Debug|Any CPU
		{5A541A8A-E223-4386-ACD6-9D59BFE50728}.Debug|Mixed Platforms.ActiveCfg = Debug|Any CPU
		{5A541A8A-E223-4386-ACD6-9D59BFE50728}.Debug|Mixed Platforms.Build.0 = Debug|Any CPU
		{5A541A8A-E223-4386-ACD6-9D59BFE50728}.Debug|x64.ActiveCfg = Debug|Any CPU
		{5A541A8A-E223-4386-ACD6-9D59BFE50728}.Debug|x86.ActiveCfg = Debug|Any CPU
		{5A541A8A-E223-4386-ACD6-9D59BFE50728}.Release 3.5|Any CPU.ActiveCfg = Release|Any CPU
		{5A541A8A-E223-4386-ACD6-9D59BFE50728}.Release 3.5|Any CPU.Build.0 = Release|Any CPU
		{5A541A8A-E223-4386-ACD6-9D59BFE50728}.Release 3.5|ARM.ActiveCfg = Release|Any CPU
		{5A541A8A-E223-4386-ACD6-9D59BFE50728}.Release 3.5|Mixed Platforms.ActiveCfg = Release|Any CPU
		{5A541A8A-E223-4386-ACD6-9D59BFE50728}.Release 3.5|Mixed Platforms.Build.0 = Release|Any CPU
		{5A541A8A-E223-4386-ACD6-9D59BFE50728}.Release 3.5|x64.ActiveCfg = Release|Any CPU
		{5A541A8A-E223-4386-ACD6-9D59BFE50728}.Release 3.5|x86.ActiveCfg = Release|Any CPU
		{5A541A8A-E223-4386-ACD6-9D59BFE50728}.Release Linux|Any CPU.ActiveCfg = Release|Any CPU
		{5A541A8A-E223-4386-ACD6-9D59BFE50728}.Release Linux|Any CPU.Build.0 = Release|Any CPU
		{5A541A8A-E223-4386-ACD6-9D59BFE50728}.Release Linux|ARM.ActiveCfg = Release|Any CPU
		{5A541A8A-E223-4386-ACD6-9D59BFE50728}.Release Linux|Mixed Platforms.ActiveCfg = Release|Any CPU
		{5A541A8A-E223-4386-ACD6-9D59BFE50728}.Release Linux|Mixed Platforms.Build.0 = Release|Any CPU
		{5A541A8A-E223-4386-ACD6-9D59BFE50728}.Release Linux|x64.ActiveCfg = Release|Any CPU
		{5A541A8A-E223-4386-ACD6-9D59BFE50728}.Release Linux|x86.ActiveCfg = Release|Any CPU
		{5A541A8A-E223-4386-ACD6-9D59BFE50728}.Release OS X|Any CPU.ActiveCfg = Release|Any CPU
		{5A541A8A-E223-4386-ACD6-9D59BFE50728}.Release OS X|Any CPU.Build.0 = Release|Any CPU
		{5A541A8A-E223-4386-ACD6-9D59BFE50728}.Release OS X|ARM.ActiveCfg = Release|Any CPU
		{5A541A8A-E223-4386-ACD6-9D59BFE50728}.Release OS X|Mixed Platforms.ActiveCfg = Release|Any CPU
		{5A541A8A-E223-4386-ACD6-9D59BFE50728}.Release OS X|Mixed Platforms.Build.0 = Release|Any CPU
		{5A541A8A-E223-4386-ACD6-9D59BFE50728}.Release OS X|x64.ActiveCfg = Release|Any CPU
		{5A541A8A-E223-4386-ACD6-9D59BFE50728}.Release OS X|x86.ActiveCfg = Release|Any CPU
		{5A541A8A-E223-4386-ACD6-9D59BFE50728}.Release Windows|Any CPU.ActiveCfg = Release|Any CPU
		{5A541A8A-E223-4386-ACD6-9D59BFE50728}.Release Windows|Any CPU.Build.0 = Release|Any CPU
		{5A541A8A-E223-4386-ACD6-9D59BFE50728}.Release Windows|ARM.ActiveCfg = Release|Any CPU
		{5A541A8A-E223-4386-ACD6-9D59BFE50728}.Release Windows|Mixed Platforms.ActiveCfg = Release|Any CPU
		{5A541A8A-E223-4386-ACD6-9D59BFE50728}.Release Windows|Mixed Platforms.Build.0 = Release|Any CPU
		{5A541A8A-E223-4386-ACD6-9D59BFE50728}.Release Windows|x64.ActiveCfg = Release|Any CPU
		{5A541A8A-E223-4386-ACD6-9D59BFE50728}.Release Windows|x86.ActiveCfg = Release|Any CPU
		{5A541A8A-E223-4386-ACD6-9D59BFE50728}.Release|Any CPU.ActiveCfg = Release|Any CPU
		{5A541A8A-E223-4386-ACD6-9D59BFE50728}.Release|Any CPU.Build.0 = Release|Any CPU
		{5A541A8A-E223-4386-ACD6-9D59BFE50728}.Release|ARM.ActiveCfg = Release|Any CPU
		{5A541A8A-E223-4386-ACD6-9D59BFE50728}.Release|Mixed Platforms.ActiveCfg = Release|Any CPU
		{5A541A8A-E223-4386-ACD6-9D59BFE50728}.Release|Mixed Platforms.Build.0 = Release|Any CPU
		{5A541A8A-E223-4386-ACD6-9D59BFE50728}.Release|x64.ActiveCfg = Release|Any CPU
		{5A541A8A-E223-4386-ACD6-9D59BFE50728}.Release|x86.ActiveCfg = Release|Any CPU
		{F20CC358-B9F5-4EAC-8361-A923B1A87B4F}.Debug Linux|Any CPU.ActiveCfg = Debug|x86
		{F20CC358-B9F5-4EAC-8361-A923B1A87B4F}.Debug Linux|ARM.ActiveCfg = Debug|x86
		{F20CC358-B9F5-4EAC-8361-A923B1A87B4F}.Debug Linux|Mixed Platforms.ActiveCfg = Debug|x86
		{F20CC358-B9F5-4EAC-8361-A923B1A87B4F}.Debug Linux|Mixed Platforms.Build.0 = Debug|x86
		{F20CC358-B9F5-4EAC-8361-A923B1A87B4F}.Debug Linux|x64.ActiveCfg = Debug|x86
		{F20CC358-B9F5-4EAC-8361-A923B1A87B4F}.Debug Linux|x86.ActiveCfg = Debug|x86
		{F20CC358-B9F5-4EAC-8361-A923B1A87B4F}.Debug Linux|x86.Build.0 = Debug|x86
		{F20CC358-B9F5-4EAC-8361-A923B1A87B4F}.Debug OS X|Any CPU.ActiveCfg = Debug|x86
		{F20CC358-B9F5-4EAC-8361-A923B1A87B4F}.Debug OS X|ARM.ActiveCfg = Debug|x86
		{F20CC358-B9F5-4EAC-8361-A923B1A87B4F}.Debug OS X|Mixed Platforms.ActiveCfg = Debug|x86
		{F20CC358-B9F5-4EAC-8361-A923B1A87B4F}.Debug OS X|Mixed Platforms.Build.0 = Debug|x86
		{F20CC358-B9F5-4EAC-8361-A923B1A87B4F}.Debug OS X|x64.ActiveCfg = Debug|x86
		{F20CC358-B9F5-4EAC-8361-A923B1A87B4F}.Debug OS X|x86.ActiveCfg = Debug|x86
		{F20CC358-B9F5-4EAC-8361-A923B1A87B4F}.Debug OS X|x86.Build.0 = Debug|x86
		{F20CC358-B9F5-4EAC-8361-A923B1A87B4F}.Debug Windows|Any CPU.ActiveCfg = Debug|x86
		{F20CC358-B9F5-4EAC-8361-A923B1A87B4F}.Debug Windows|ARM.ActiveCfg = Debug|x86
		{F20CC358-B9F5-4EAC-8361-A923B1A87B4F}.Debug Windows|Mixed Platforms.ActiveCfg = Debug|x86
		{F20CC358-B9F5-4EAC-8361-A923B1A87B4F}.Debug Windows|Mixed Platforms.Build.0 = Debug|x86
		{F20CC358-B9F5-4EAC-8361-A923B1A87B4F}.Debug Windows|x64.ActiveCfg = Debug|x86
		{F20CC358-B9F5-4EAC-8361-A923B1A87B4F}.Debug Windows|x86.ActiveCfg = Debug|x86
		{F20CC358-B9F5-4EAC-8361-A923B1A87B4F}.Debug Windows|x86.Build.0 = Debug|x86
		{F20CC358-B9F5-4EAC-8361-A923B1A87B4F}.Debug|Any CPU.ActiveCfg = Debug|x86
		{F20CC358-B9F5-4EAC-8361-A923B1A87B4F}.Debug|ARM.ActiveCfg = Debug|x86
		{F20CC358-B9F5-4EAC-8361-A923B1A87B4F}.Debug|Mixed Platforms.ActiveCfg = Debug|x86
		{F20CC358-B9F5-4EAC-8361-A923B1A87B4F}.Debug|Mixed Platforms.Build.0 = Debug|x86
		{F20CC358-B9F5-4EAC-8361-A923B1A87B4F}.Debug|x64.ActiveCfg = Debug|x86
		{F20CC358-B9F5-4EAC-8361-A923B1A87B4F}.Debug|x86.ActiveCfg = Debug|x86
		{F20CC358-B9F5-4EAC-8361-A923B1A87B4F}.Debug|x86.Build.0 = Debug|x86
		{F20CC358-B9F5-4EAC-8361-A923B1A87B4F}.Release 3.5|Any CPU.ActiveCfg = Release|x86
		{F20CC358-B9F5-4EAC-8361-A923B1A87B4F}.Release 3.5|ARM.ActiveCfg = Release|x86
		{F20CC358-B9F5-4EAC-8361-A923B1A87B4F}.Release 3.5|Mixed Platforms.ActiveCfg = Release|x86
		{F20CC358-B9F5-4EAC-8361-A923B1A87B4F}.Release 3.5|Mixed Platforms.Build.0 = Release|x86
		{F20CC358-B9F5-4EAC-8361-A923B1A87B4F}.Release 3.5|x64.ActiveCfg = Release|x86
		{F20CC358-B9F5-4EAC-8361-A923B1A87B4F}.Release 3.5|x86.ActiveCfg = Release|x86
		{F20CC358-B9F5-4EAC-8361-A923B1A87B4F}.Release 3.5|x86.Build.0 = Release|x86
		{F20CC358-B9F5-4EAC-8361-A923B1A87B4F}.Release Linux|Any CPU.ActiveCfg = Release|x86
		{F20CC358-B9F5-4EAC-8361-A923B1A87B4F}.Release Linux|ARM.ActiveCfg = Release|x86
		{F20CC358-B9F5-4EAC-8361-A923B1A87B4F}.Release Linux|Mixed Platforms.ActiveCfg = Release|x86
		{F20CC358-B9F5-4EAC-8361-A923B1A87B4F}.Release Linux|Mixed Platforms.Build.0 = Release|x86
		{F20CC358-B9F5-4EAC-8361-A923B1A87B4F}.Release Linux|x64.ActiveCfg = Release|x86
		{F20CC358-B9F5-4EAC-8361-A923B1A87B4F}.Release Linux|x86.ActiveCfg = Release|x86
		{F20CC358-B9F5-4EAC-8361-A923B1A87B4F}.Release Linux|x86.Build.0 = Release|x86
		{F20CC358-B9F5-4EAC-8361-A923B1A87B4F}.Release OS X|Any CPU.ActiveCfg = Release|x86
		{F20CC358-B9F5-4EAC-8361-A923B1A87B4F}.Release OS X|ARM.ActiveCfg = Release|x86
		{F20CC358-B9F5-4EAC-8361-A923B1A87B4F}.Release OS X|Mixed Platforms.ActiveCfg = Release|x86
		{F20CC358-B9F5-4EAC-8361-A923B1A87B4F}.Release OS X|Mixed Platforms.Build.0 = Release|x86
		{F20CC358-B9F5-4EAC-8361-A923B1A87B4F}.Release OS X|x64.ActiveCfg = Release|x86
		{F20CC358-B9F5-4EAC-8361-A923B1A87B4F}.Release OS X|x86.ActiveCfg = Release|x86
		{F20CC358-B9F5-4EAC-8361-A923B1A87B4F}.Release OS X|x86.Build.0 = Release|x86
		{F20CC358-B9F5-4EAC-8361-A923B1A87B4F}.Release Windows|Any CPU.ActiveCfg = Release|x86
		{F20CC358-B9F5-4EAC-8361-A923B1A87B4F}.Release Windows|ARM.ActiveCfg = Release|x86
		{F20CC358-B9F5-4EAC-8361-A923B1A87B4F}.Release Windows|Mixed Platforms.ActiveCfg = Release|x86
		{F20CC358-B9F5-4EAC-8361-A923B1A87B4F}.Release Windows|Mixed Platforms.Build.0 = Release|x86
		{F20CC358-B9F5-4EAC-8361-A923B1A87B4F}.Release Windows|x64.ActiveCfg = Release|x86
		{F20CC358-B9F5-4EAC-8361-A923B1A87B4F}.Release Windows|x86.ActiveCfg = Release|x86
		{F20CC358-B9F5-4EAC-8361-A923B1A87B4F}.Release Windows|x86.Build.0 = Release|x86
		{F20CC358-B9F5-4EAC-8361-A923B1A87B4F}.Release|Any CPU.ActiveCfg = Release|x86
		{F20CC358-B9F5-4EAC-8361-A923B1A87B4F}.Release|ARM.ActiveCfg = Release|x86
		{F20CC358-B9F5-4EAC-8361-A923B1A87B4F}.Release|Mixed Platforms.ActiveCfg = Release|x86
		{F20CC358-B9F5-4EAC-8361-A923B1A87B4F}.Release|Mixed Platforms.Build.0 = Release|x86
		{F20CC358-B9F5-4EAC-8361-A923B1A87B4F}.Release|x64.ActiveCfg = Release|x86
		{F20CC358-B9F5-4EAC-8361-A923B1A87B4F}.Release|x86.ActiveCfg = Release|x86
		{F20CC358-B9F5-4EAC-8361-A923B1A87B4F}.Release|x86.Build.0 = Release|x86
		{B9143515-C40C-42D5-836B-04490E8E6926}.Debug Linux|Any CPU.ActiveCfg = Debug|x86
		{B9143515-C40C-42D5-836B-04490E8E6926}.Debug Linux|ARM.ActiveCfg = Debug|x86
		{B9143515-C40C-42D5-836B-04490E8E6926}.Debug Linux|Mixed Platforms.ActiveCfg = Debug|x86
		{B9143515-C40C-42D5-836B-04490E8E6926}.Debug Linux|Mixed Platforms.Build.0 = Debug|x86
		{B9143515-C40C-42D5-836B-04490E8E6926}.Debug Linux|x64.ActiveCfg = Debug|x86
		{B9143515-C40C-42D5-836B-04490E8E6926}.Debug Linux|x86.ActiveCfg = Debug|x86
		{B9143515-C40C-42D5-836B-04490E8E6926}.Debug Linux|x86.Build.0 = Debug|x86
		{B9143515-C40C-42D5-836B-04490E8E6926}.Debug OS X|Any CPU.ActiveCfg = Debug|x86
		{B9143515-C40C-42D5-836B-04490E8E6926}.Debug OS X|ARM.ActiveCfg = Debug|x86
		{B9143515-C40C-42D5-836B-04490E8E6926}.Debug OS X|Mixed Platforms.ActiveCfg = Debug|x86
		{B9143515-C40C-42D5-836B-04490E8E6926}.Debug OS X|Mixed Platforms.Build.0 = Debug|x86
		{B9143515-C40C-42D5-836B-04490E8E6926}.Debug OS X|x64.ActiveCfg = Debug|x86
		{B9143515-C40C-42D5-836B-04490E8E6926}.Debug OS X|x86.ActiveCfg = Debug|x86
		{B9143515-C40C-42D5-836B-04490E8E6926}.Debug OS X|x86.Build.0 = Debug|x86
		{B9143515-C40C-42D5-836B-04490E8E6926}.Debug Windows|Any CPU.ActiveCfg = Debug|x86
		{B9143515-C40C-42D5-836B-04490E8E6926}.Debug Windows|ARM.ActiveCfg = Debug|x86
		{B9143515-C40C-42D5-836B-04490E8E6926}.Debug Windows|Mixed Platforms.ActiveCfg = Debug|x86
		{B9143515-C40C-42D5-836B-04490E8E6926}.Debug Windows|Mixed Platforms.Build.0 = Debug|x86
		{B9143515-C40C-42D5-836B-04490E8E6926}.Debug Windows|x64.ActiveCfg = Debug|x86
		{B9143515-C40C-42D5-836B-04490E8E6926}.Debug Windows|x86.ActiveCfg = Debug|x86
		{B9143515-C40C-42D5-836B-04490E8E6926}.Debug Windows|x86.Build.0 = Debug|x86
		{B9143515-C40C-42D5-836B-04490E8E6926}.Debug|Any CPU.ActiveCfg = Debug|x86
		{B9143515-C40C-42D5-836B-04490E8E6926}.Debug|ARM.ActiveCfg = Debug|x86
		{B9143515-C40C-42D5-836B-04490E8E6926}.Debug|Mixed Platforms.ActiveCfg = Debug|x86
		{B9143515-C40C-42D5-836B-04490E8E6926}.Debug|Mixed Platforms.Build.0 = Debug|x86
		{B9143515-C40C-42D5-836B-04490E8E6926}.Debug|x64.ActiveCfg = Debug|x86
		{B9143515-C40C-42D5-836B-04490E8E6926}.Debug|x86.ActiveCfg = Debug|x86
		{B9143515-C40C-42D5-836B-04490E8E6926}.Debug|x86.Build.0 = Debug|x86
		{B9143515-C40C-42D5-836B-04490E8E6926}.Release 3.5|Any CPU.ActiveCfg = Release|x86
		{B9143515-C40C-42D5-836B-04490E8E6926}.Release 3.5|ARM.ActiveCfg = Release|x86
		{B9143515-C40C-42D5-836B-04490E8E6926}.Release 3.5|Mixed Platforms.ActiveCfg = Release|x86
		{B9143515-C40C-42D5-836B-04490E8E6926}.Release 3.5|Mixed Platforms.Build.0 = Release|x86
		{B9143515-C40C-42D5-836B-04490E8E6926}.Release 3.5|x64.ActiveCfg = Release|x86
		{B9143515-C40C-42D5-836B-04490E8E6926}.Release 3.5|x86.ActiveCfg = Release|x86
		{B9143515-C40C-42D5-836B-04490E8E6926}.Release 3.5|x86.Build.0 = Release|x86
		{B9143515-C40C-42D5-836B-04490E8E6926}.Release Linux|Any CPU.ActiveCfg = Release|x86
		{B9143515-C40C-42D5-836B-04490E8E6926}.Release Linux|ARM.ActiveCfg = Release|x86
		{B9143515-C40C-42D5-836B-04490E8E6926}.Release Linux|Mixed Platforms.ActiveCfg = Release|x86
		{B9143515-C40C-42D5-836B-04490E8E6926}.Release Linux|Mixed Platforms.Build.0 = Release|x86
		{B9143515-C40C-42D5-836B-04490E8E6926}.Release Linux|x64.ActiveCfg = Release|x86
		{B9143515-C40C-42D5-836B-04490E8E6926}.Release Linux|x86.ActiveCfg = Release|x86
		{B9143515-C40C-42D5-836B-04490E8E6926}.Release Linux|x86.Build.0 = Release|x86
		{B9143515-C40C-42D5-836B-04490E8E6926}.Release OS X|Any CPU.ActiveCfg = Release|x86
		{B9143515-C40C-42D5-836B-04490E8E6926}.Release OS X|ARM.ActiveCfg = Release|x86
		{B9143515-C40C-42D5-836B-04490E8E6926}.Release OS X|Mixed Platforms.ActiveCfg = Release|x86
		{B9143515-C40C-42D5-836B-04490E8E6926}.Release OS X|Mixed Platforms.Build.0 = Release|x86
		{B9143515-C40C-42D5-836B-04490E8E6926}.Release OS X|x64.ActiveCfg = Release|x86
		{B9143515-C40C-42D5-836B-04490E8E6926}.Release OS X|x86.ActiveCfg = Release|x86
		{B9143515-C40C-42D5-836B-04490E8E6926}.Release OS X|x86.Build.0 = Release|x86
		{B9143515-C40C-42D5-836B-04490E8E6926}.Release Windows|Any CPU.ActiveCfg = Release|x86
		{B9143515-C40C-42D5-836B-04490E8E6926}.Release Windows|ARM.ActiveCfg = Release|x86
		{B9143515-C40C-42D5-836B-04490E8E6926}.Release Windows|Mixed Platforms.ActiveCfg = Release|x86
		{B9143515-C40C-42D5-836B-04490E8E6926}.Release Windows|Mixed Platforms.Build.0 = Release|x86
		{B9143515-C40C-42D5-836B-04490E8E6926}.Release Windows|x64.ActiveCfg = Release|x86
		{B9143515-C40C-42D5-836B-04490E8E6926}.Release Windows|x86.ActiveCfg = Release|x86
		{B9143515-C40C-42D5-836B-04490E8E6926}.Release Windows|x86.Build.0 = Release|x86
		{B9143515-C40C-42D5-836B-04490E8E6926}.Release|Any CPU.ActiveCfg = Release|x86
		{B9143515-C40C-42D5-836B-04490E8E6926}.Release|ARM.ActiveCfg = Release|x86
		{B9143515-C40C-42D5-836B-04490E8E6926}.Release|Mixed Platforms.ActiveCfg = Release|x86
		{B9143515-C40C-42D5-836B-04490E8E6926}.Release|Mixed Platforms.Build.0 = Release|x86
		{B9143515-C40C-42D5-836B-04490E8E6926}.Release|x64.ActiveCfg = Release|x86
		{B9143515-C40C-42D5-836B-04490E8E6926}.Release|x86.ActiveCfg = Release|x86
		{B9143515-C40C-42D5-836B-04490E8E6926}.Release|x86.Build.0 = Release|x86
		{6BCB597C-81AD-4E18-B279-CDCDA9D19022}.Debug Linux|Any CPU.ActiveCfg = Debug|x86
		{6BCB597C-81AD-4E18-B279-CDCDA9D19022}.Debug Linux|ARM.ActiveCfg = Debug|x86
		{6BCB597C-81AD-4E18-B279-CDCDA9D19022}.Debug Linux|Mixed Platforms.ActiveCfg = Debug|x86
		{6BCB597C-81AD-4E18-B279-CDCDA9D19022}.Debug Linux|Mixed Platforms.Build.0 = Debug|x86
		{6BCB597C-81AD-4E18-B279-CDCDA9D19022}.Debug Linux|x64.ActiveCfg = Debug|x86
		{6BCB597C-81AD-4E18-B279-CDCDA9D19022}.Debug Linux|x86.ActiveCfg = Debug|x86
		{6BCB597C-81AD-4E18-B279-CDCDA9D19022}.Debug Linux|x86.Build.0 = Debug|x86
		{6BCB597C-81AD-4E18-B279-CDCDA9D19022}.Debug OS X|Any CPU.ActiveCfg = Debug|x86
		{6BCB597C-81AD-4E18-B279-CDCDA9D19022}.Debug OS X|ARM.ActiveCfg = Debug|x86
		{6BCB597C-81AD-4E18-B279-CDCDA9D19022}.Debug OS X|Mixed Platforms.ActiveCfg = Debug|x86
		{6BCB597C-81AD-4E18-B279-CDCDA9D19022}.Debug OS X|Mixed Platforms.Build.0 = Debug|x86
		{6BCB597C-81AD-4E18-B279-CDCDA9D19022}.Debug OS X|x64.ActiveCfg = Debug|x86
		{6BCB597C-81AD-4E18-B279-CDCDA9D19022}.Debug OS X|x86.ActiveCfg = Debug|x86
		{6BCB597C-81AD-4E18-B279-CDCDA9D19022}.Debug OS X|x86.Build.0 = Debug|x86
		{6BCB597C-81AD-4E18-B279-CDCDA9D19022}.Debug Windows|Any CPU.ActiveCfg = Debug|x86
		{6BCB597C-81AD-4E18-B279-CDCDA9D19022}.Debug Windows|ARM.ActiveCfg = Debug|x86
		{6BCB597C-81AD-4E18-B279-CDCDA9D19022}.Debug Windows|Mixed Platforms.ActiveCfg = Debug|x86
		{6BCB597C-81AD-4E18-B279-CDCDA9D19022}.Debug Windows|Mixed Platforms.Build.0 = Debug|x86
		{6BCB597C-81AD-4E18-B279-CDCDA9D19022}.Debug Windows|x64.ActiveCfg = Debug|x86
		{6BCB597C-81AD-4E18-B279-CDCDA9D19022}.Debug Windows|x86.ActiveCfg = Debug|x86
		{6BCB597C-81AD-4E18-B279-CDCDA9D19022}.Debug Windows|x86.Build.0 = Debug|x86
		{6BCB597C-81AD-4E18-B279-CDCDA9D19022}.Debug|Any CPU.ActiveCfg = Debug|x86
		{6BCB597C-81AD-4E18-B279-CDCDA9D19022}.Debug|ARM.ActiveCfg = Debug|x86
		{6BCB597C-81AD-4E18-B279-CDCDA9D19022}.Debug|Mixed Platforms.ActiveCfg = Debug|x86
		{6BCB597C-81AD-4E18-B279-CDCDA9D19022}.Debug|Mixed Platforms.Build.0 = Debug|x86
		{6BCB597C-81AD-4E18-B279-CDCDA9D19022}.Debug|x64.ActiveCfg = Debug|x86
		{6BCB597C-81AD-4E18-B279-CDCDA9D19022}.Debug|x86.ActiveCfg = Debug|x86
		{6BCB597C-81AD-4E18-B279-CDCDA9D19022}.Debug|x86.Build.0 = Debug|x86
		{6BCB597C-81AD-4E18-B279-CDCDA9D19022}.Release 3.5|Any CPU.ActiveCfg = Release|x86
		{6BCB597C-81AD-4E18-B279-CDCDA9D19022}.Release 3.5|ARM.ActiveCfg = Release|x86
		{6BCB597C-81AD-4E18-B279-CDCDA9D19022}.Release 3.5|Mixed Platforms.ActiveCfg = Release|x86
		{6BCB597C-81AD-4E18-B279-CDCDA9D19022}.Release 3.5|Mixed Platforms.Build.0 = Release|x86
		{6BCB597C-81AD-4E18-B279-CDCDA9D19022}.Release 3.5|x64.ActiveCfg = Release|x86
		{6BCB597C-81AD-4E18-B279-CDCDA9D19022}.Release 3.5|x86.ActiveCfg = Release|x86
		{6BCB597C-81AD-4E18-B279-CDCDA9D19022}.Release 3.5|x86.Build.0 = Release|x86
		{6BCB597C-81AD-4E18-B279-CDCDA9D19022}.Release Linux|Any CPU.ActiveCfg = Release|x86
		{6BCB597C-81AD-4E18-B279-CDCDA9D19022}.Release Linux|ARM.ActiveCfg = Release|x86
		{6BCB597C-81AD-4E18-B279-CDCDA9D19022}.Release Linux|Mixed Platforms.ActiveCfg = Release|x86
		{6BCB597C-81AD-4E18-B279-CDCDA9D19022}.Release Linux|Mixed Platforms.Build.0 = Release|x86
		{6BCB597C-81AD-4E18-B279-CDCDA9D19022}.Release Linux|x64.ActiveCfg = Release|x86
		{6BCB597C-81AD-4E18-B279-CDCDA9D19022}.Release Linux|x86.ActiveCfg = Release|x86
		{6BCB597C-81AD-4E18-B279-CDCDA9D19022}.Release Linux|x86.Build.0 = Release|x86
		{6BCB597C-81AD-4E18-B279-CDCDA9D19022}.Release OS X|Any CPU.ActiveCfg = Release|x86
		{6BCB597C-81AD-4E18-B279-CDCDA9D19022}.Release OS X|ARM.ActiveCfg = Release|x86
		{6BCB597C-81AD-4E18-B279-CDCDA9D19022}.Release OS X|Mixed Platforms.ActiveCfg = Release|x86
		{6BCB597C-81AD-4E18-B279-CDCDA9D19022}.Release OS X|Mixed Platforms.Build.0 = Release|x86
		{6BCB597C-81AD-4E18-B279-CDCDA9D19022}.Release OS X|x64.ActiveCfg = Release|x86
		{6BCB597C-81AD-4E18-B279-CDCDA9D19022}.Release OS X|x86.ActiveCfg = Release|x86
		{6BCB597C-81AD-4E18-B279-CDCDA9D19022}.Release OS X|x86.Build.0 = Release|x86
		{6BCB597C-81AD-4E18-B279-CDCDA9D19022}.Release Windows|Any CPU.ActiveCfg = Release|x86
		{6BCB597C-81AD-4E18-B279-CDCDA9D19022}.Release Windows|ARM.ActiveCfg = Release|x86
		{6BCB597C-81AD-4E18-B279-CDCDA9D19022}.Release Windows|Mixed Platforms.ActiveCfg = Release|x86
		{6BCB597C-81AD-4E18-B279-CDCDA9D19022}.Release Windows|Mixed Platforms.Build.0 = Release|x86
		{6BCB597C-81AD-4E18-B279-CDCDA9D19022}.Release Windows|x64.ActiveCfg = Release|x86
		{6BCB597C-81AD-4E18-B279-CDCDA9D19022}.Release Windows|x86.ActiveCfg = Release|x86
		{6BCB597C-81AD-4E18-B279-CDCDA9D19022}.Release Windows|x86.Build.0 = Release|x86
		{6BCB597C-81AD-4E18-B279-CDCDA9D19022}.Release|Any CPU.ActiveCfg = Release|x86
		{6BCB597C-81AD-4E18-B279-CDCDA9D19022}.Release|ARM.ActiveCfg = Release|x86
		{6BCB597C-81AD-4E18-B279-CDCDA9D19022}.Release|Mixed Platforms.ActiveCfg = Release|x86
		{6BCB597C-81AD-4E18-B279-CDCDA9D19022}.Release|Mixed Platforms.Build.0 = Release|x86
		{6BCB597C-81AD-4E18-B279-CDCDA9D19022}.Release|x64.ActiveCfg = Release|x86
		{6BCB597C-81AD-4E18-B279-CDCDA9D19022}.Release|x86.ActiveCfg = Release|x86
		{6BCB597C-81AD-4E18-B279-CDCDA9D19022}.Release|x86.Build.0 = Release|x86
		{97649D22-4ECE-46F4-B757-9426418BD938}.Debug Linux|Any CPU.ActiveCfg = Debug|x86
		{97649D22-4ECE-46F4-B757-9426418BD938}.Debug Linux|ARM.ActiveCfg = Debug|x86
		{97649D22-4ECE-46F4-B757-9426418BD938}.Debug Linux|Mixed Platforms.ActiveCfg = Debug|x86
		{97649D22-4ECE-46F4-B757-9426418BD938}.Debug Linux|Mixed Platforms.Build.0 = Debug|x86
		{97649D22-4ECE-46F4-B757-9426418BD938}.Debug Linux|x64.ActiveCfg = Debug|x86
		{97649D22-4ECE-46F4-B757-9426418BD938}.Debug Linux|x86.ActiveCfg = Debug|x86
		{97649D22-4ECE-46F4-B757-9426418BD938}.Debug Linux|x86.Build.0 = Debug|x86
		{97649D22-4ECE-46F4-B757-9426418BD938}.Debug OS X|Any CPU.ActiveCfg = Debug|x86
		{97649D22-4ECE-46F4-B757-9426418BD938}.Debug OS X|ARM.ActiveCfg = Debug|x86
		{97649D22-4ECE-46F4-B757-9426418BD938}.Debug OS X|Mixed Platforms.ActiveCfg = Debug|x86
		{97649D22-4ECE-46F4-B757-9426418BD938}.Debug OS X|Mixed Platforms.Build.0 = Debug|x86
		{97649D22-4ECE-46F4-B757-9426418BD938}.Debug OS X|x64.ActiveCfg = Debug|x86
		{97649D22-4ECE-46F4-B757-9426418BD938}.Debug OS X|x86.ActiveCfg = Debug|x86
		{97649D22-4ECE-46F4-B757-9426418BD938}.Debug OS X|x86.Build.0 = Debug|x86
		{97649D22-4ECE-46F4-B757-9426418BD938}.Debug Windows|Any CPU.ActiveCfg = Debug|x86
		{97649D22-4ECE-46F4-B757-9426418BD938}.Debug Windows|ARM.ActiveCfg = Debug|x86
		{97649D22-4ECE-46F4-B757-9426418BD938}.Debug Windows|Mixed Platforms.ActiveCfg = Debug|x86
		{97649D22-4ECE-46F4-B757-9426418BD938}.Debug Windows|Mixed Platforms.Build.0 = Debug|x86
		{97649D22-4ECE-46F4-B757-9426418BD938}.Debug Windows|x64.ActiveCfg = Debug|x86
		{97649D22-4ECE-46F4-B757-9426418BD938}.Debug Windows|x86.ActiveCfg = Debug|x86
		{97649D22-4ECE-46F4-B757-9426418BD938}.Debug Windows|x86.Build.0 = Debug|x86
		{97649D22-4ECE-46F4-B757-9426418BD938}.Debug|Any CPU.ActiveCfg = Debug|x86
		{97649D22-4ECE-46F4-B757-9426418BD938}.Debug|ARM.ActiveCfg = Debug|x86
		{97649D22-4ECE-46F4-B757-9426418BD938}.Debug|Mixed Platforms.ActiveCfg = Debug|x86
		{97649D22-4ECE-46F4-B757-9426418BD938}.Debug|Mixed Platforms.Build.0 = Debug|x86
		{97649D22-4ECE-46F4-B757-9426418BD938}.Debug|x64.ActiveCfg = Debug|x86
		{97649D22-4ECE-46F4-B757-9426418BD938}.Debug|x86.ActiveCfg = Debug|x86
		{97649D22-4ECE-46F4-B757-9426418BD938}.Debug|x86.Build.0 = Debug|x86
		{97649D22-4ECE-46F4-B757-9426418BD938}.Release 3.5|Any CPU.ActiveCfg = Release|x86
		{97649D22-4ECE-46F4-B757-9426418BD938}.Release 3.5|ARM.ActiveCfg = Release|x86
		{97649D22-4ECE-46F4-B757-9426418BD938}.Release 3.5|Mixed Platforms.ActiveCfg = Release|x86
		{97649D22-4ECE-46F4-B757-9426418BD938}.Release 3.5|Mixed Platforms.Build.0 = Release|x86
		{97649D22-4ECE-46F4-B757-9426418BD938}.Release 3.5|x64.ActiveCfg = Release|x86
		{97649D22-4ECE-46F4-B757-9426418BD938}.Release 3.5|x86.ActiveCfg = Release|x86
		{97649D22-4ECE-46F4-B757-9426418BD938}.Release 3.5|x86.Build.0 = Release|x86
		{97649D22-4ECE-46F4-B757-9426418BD938}.Release Linux|Any CPU.ActiveCfg = Release|x86
		{97649D22-4ECE-46F4-B757-9426418BD938}.Release Linux|ARM.ActiveCfg = Release|x86
		{97649D22-4ECE-46F4-B757-9426418BD938}.Release Linux|Mixed Platforms.ActiveCfg = Release|x86
		{97649D22-4ECE-46F4-B757-9426418BD938}.Release Linux|Mixed Platforms.Build.0 = Release|x86
		{97649D22-4ECE-46F4-B757-9426418BD938}.Release Linux|x64.ActiveCfg = Release|x86
		{97649D22-4ECE-46F4-B757-9426418BD938}.Release Linux|x86.ActiveCfg = Release|x86
		{97649D22-4ECE-46F4-B757-9426418BD938}.Release Linux|x86.Build.0 = Release|x86
		{97649D22-4ECE-46F4-B757-9426418BD938}.Release OS X|Any CPU.ActiveCfg = Release|x86
		{97649D22-4ECE-46F4-B757-9426418BD938}.Release OS X|ARM.ActiveCfg = Release|x86
		{97649D22-4ECE-46F4-B757-9426418BD938}.Release OS X|Mixed Platforms.ActiveCfg = Release|x86
		{97649D22-4ECE-46F4-B757-9426418BD938}.Release OS X|Mixed Platforms.Build.0 = Release|x86
		{97649D22-4ECE-46F4-B757-9426418BD938}.Release OS X|x64.ActiveCfg = Release|x86
		{97649D22-4ECE-46F4-B757-9426418BD938}.Release OS X|x86.ActiveCfg = Release|x86
		{97649D22-4ECE-46F4-B757-9426418BD938}.Release OS X|x86.Build.0 = Release|x86
		{97649D22-4ECE-46F4-B757-9426418BD938}.Release Windows|Any CPU.ActiveCfg = Release|x86
		{97649D22-4ECE-46F4-B757-9426418BD938}.Release Windows|ARM.ActiveCfg = Release|x86
		{97649D22-4ECE-46F4-B757-9426418BD938}.Release Windows|Mixed Platforms.ActiveCfg = Release|x86
		{97649D22-4ECE-46F4-B757-9426418BD938}.Release Windows|Mixed Platforms.Build.0 = Release|x86
		{97649D22-4ECE-46F4-B757-9426418BD938}.Release Windows|x64.ActiveCfg = Release|x86
		{97649D22-4ECE-46F4-B757-9426418BD938}.Release Windows|x86.ActiveCfg = Release|x86
		{97649D22-4ECE-46F4-B757-9426418BD938}.Release Windows|x86.Build.0 = Release|x86
		{97649D22-4ECE-46F4-B757-9426418BD938}.Release|Any CPU.ActiveCfg = Release|x86
		{97649D22-4ECE-46F4-B757-9426418BD938}.Release|ARM.ActiveCfg = Release|x86
		{97649D22-4ECE-46F4-B757-9426418BD938}.Release|Mixed Platforms.ActiveCfg = Release|x86
		{97649D22-4ECE-46F4-B757-9426418BD938}.Release|Mixed Platforms.Build.0 = Release|x86
		{97649D22-4ECE-46F4-B757-9426418BD938}.Release|x64.ActiveCfg = Release|x86
		{97649D22-4ECE-46F4-B757-9426418BD938}.Release|x86.ActiveCfg = Release|x86
		{97649D22-4ECE-46F4-B757-9426418BD938}.Release|x86.Build.0 = Release|x86
		{C68B8F4A-A46B-4435-8379-9D21729D879F}.Debug Linux|Any CPU.ActiveCfg = Debug|x86
		{C68B8F4A-A46B-4435-8379-9D21729D879F}.Debug Linux|ARM.ActiveCfg = Debug|x86
		{C68B8F4A-A46B-4435-8379-9D21729D879F}.Debug Linux|Mixed Platforms.ActiveCfg = Debug|x86
		{C68B8F4A-A46B-4435-8379-9D21729D879F}.Debug Linux|Mixed Platforms.Build.0 = Debug|x86
		{C68B8F4A-A46B-4435-8379-9D21729D879F}.Debug Linux|x64.ActiveCfg = Debug|x86
		{C68B8F4A-A46B-4435-8379-9D21729D879F}.Debug Linux|x86.ActiveCfg = Debug|x86
		{C68B8F4A-A46B-4435-8379-9D21729D879F}.Debug Linux|x86.Build.0 = Debug|x86
		{C68B8F4A-A46B-4435-8379-9D21729D879F}.Debug OS X|Any CPU.ActiveCfg = Debug|x86
		{C68B8F4A-A46B-4435-8379-9D21729D879F}.Debug OS X|ARM.ActiveCfg = Debug|x86
		{C68B8F4A-A46B-4435-8379-9D21729D879F}.Debug OS X|Mixed Platforms.ActiveCfg = Debug|x86
		{C68B8F4A-A46B-4435-8379-9D21729D879F}.Debug OS X|Mixed Platforms.Build.0 = Debug|x86
		{C68B8F4A-A46B-4435-8379-9D21729D879F}.Debug OS X|x64.ActiveCfg = Debug|x86
		{C68B8F4A-A46B-4435-8379-9D21729D879F}.Debug OS X|x86.ActiveCfg = Debug|x86
		{C68B8F4A-A46B-4435-8379-9D21729D879F}.Debug OS X|x86.Build.0 = Debug|x86
		{C68B8F4A-A46B-4435-8379-9D21729D879F}.Debug Windows|Any CPU.ActiveCfg = Debug|x86
		{C68B8F4A-A46B-4435-8379-9D21729D879F}.Debug Windows|ARM.ActiveCfg = Debug|x86
		{C68B8F4A-A46B-4435-8379-9D21729D879F}.Debug Windows|Mixed Platforms.ActiveCfg = Debug|x86
		{C68B8F4A-A46B-4435-8379-9D21729D879F}.Debug Windows|Mixed Platforms.Build.0 = Debug|x86
		{C68B8F4A-A46B-4435-8379-9D21729D879F}.Debug Windows|x64.ActiveCfg = Debug|x86
		{C68B8F4A-A46B-4435-8379-9D21729D879F}.Debug Windows|x86.ActiveCfg = Debug|x86
		{C68B8F4A-A46B-4435-8379-9D21729D879F}.Debug Windows|x86.Build.0 = Debug|x86
		{C68B8F4A-A46B-4435-8379-9D21729D879F}.Debug|Any CPU.ActiveCfg = Debug|x86
		{C68B8F4A-A46B-4435-8379-9D21729D879F}.Debug|ARM.ActiveCfg = Debug|x86
		{C68B8F4A-A46B-4435-8379-9D21729D879F}.Debug|Mixed Platforms.ActiveCfg = Debug|x86
		{C68B8F4A-A46B-4435-8379-9D21729D879F}.Debug|Mixed Platforms.Build.0 = Debug|x86
		{C68B8F4A-A46B-4435-8379-9D21729D879F}.Debug|x64.ActiveCfg = Debug|x86
		{C68B8F4A-A46B-4435-8379-9D21729D879F}.Debug|x86.ActiveCfg = Debug|x86
		{C68B8F4A-A46B-4435-8379-9D21729D879F}.Debug|x86.Build.0 = Debug|x86
		{C68B8F4A-A46B-4435-8379-9D21729D879F}.Release 3.5|Any CPU.ActiveCfg = Release|x86
		{C68B8F4A-A46B-4435-8379-9D21729D879F}.Release 3.5|ARM.ActiveCfg = Release|x86
		{C68B8F4A-A46B-4435-8379-9D21729D879F}.Release 3.5|Mixed Platforms.ActiveCfg = Release|x86
		{C68B8F4A-A46B-4435-8379-9D21729D879F}.Release 3.5|Mixed Platforms.Build.0 = Release|x86
		{C68B8F4A-A46B-4435-8379-9D21729D879F}.Release 3.5|x64.ActiveCfg = Release|x86
		{C68B8F4A-A46B-4435-8379-9D21729D879F}.Release 3.5|x86.ActiveCfg = Release|x86
		{C68B8F4A-A46B-4435-8379-9D21729D879F}.Release 3.5|x86.Build.0 = Release|x86
		{C68B8F4A-A46B-4435-8379-9D21729D879F}.Release Linux|Any CPU.ActiveCfg = Release|x86
		{C68B8F4A-A46B-4435-8379-9D21729D879F}.Release Linux|ARM.ActiveCfg = Release|x86
		{C68B8F4A-A46B-4435-8379-9D21729D879F}.Release Linux|Mixed Platforms.ActiveCfg = Release|x86
		{C68B8F4A-A46B-4435-8379-9D21729D879F}.Release Linux|Mixed Platforms.Build.0 = Release|x86
		{C68B8F4A-A46B-4435-8379-9D21729D879F}.Release Linux|x64.ActiveCfg = Release|x86
		{C68B8F4A-A46B-4435-8379-9D21729D879F}.Release Linux|x86.ActiveCfg = Release|x86
		{C68B8F4A-A46B-4435-8379-9D21729D879F}.Release Linux|x86.Build.0 = Release|x86
		{C68B8F4A-A46B-4435-8379-9D21729D879F}.Release OS X|Any CPU.ActiveCfg = Release|x86
		{C68B8F4A-A46B-4435-8379-9D21729D879F}.Release OS X|ARM.ActiveCfg = Release|x86
		{C68B8F4A-A46B-4435-8379-9D21729D879F}.Release OS X|Mixed Platforms.ActiveCfg = Release|x86
		{C68B8F4A-A46B-4435-8379-9D21729D879F}.Release OS X|Mixed Platforms.Build.0 = Release|x86
		{C68B8F4A-A46B-4435-8379-9D21729D879F}.Release OS X|x64.ActiveCfg = Release|x86
		{C68B8F4A-A46B-4435-8379-9D21729D879F}.Release OS X|x86.ActiveCfg = Release|x86
		{C68B8F4A-A46B-4435-8379-9D21729D879F}.Release OS X|x86.Build.0 = Release|x86
		{C68B8F4A-A46B-4435-8379-9D21729D879F}.Release Windows|Any CPU.ActiveCfg = Release|x86
		{C68B8F4A-A46B-4435-8379-9D21729D879F}.Release Windows|ARM.ActiveCfg = Release|x86
		{C68B8F4A-A46B-4435-8379-9D21729D879F}.Release Windows|Mixed Platforms.ActiveCfg = Release|x86
		{C68B8F4A-A46B-4435-8379-9D21729D879F}.Release Windows|Mixed Platforms.Build.0 = Release|x86
		{C68B8F4A-A46B-4435-8379-9D21729D879F}.Release Windows|x64.ActiveCfg = Release|x86
		{C68B8F4A-A46B-4435-8379-9D21729D879F}.Release Windows|x86.ActiveCfg = Release|x86
		{C68B8F4A-A46B-4435-8379-9D21729D879F}.Release Windows|x86.Build.0 = Release|x86
		{C68B8F4A-A46B-4435-8379-9D21729D879F}.Release|Any CPU.ActiveCfg = Release|x86
		{C68B8F4A-A46B-4435-8379-9D21729D879F}.Release|ARM.ActiveCfg = Release|x86
		{C68B8F4A-A46B-4435-8379-9D21729D879F}.Release|Mixed Platforms.ActiveCfg = Release|x86
		{C68B8F4A-A46B-4435-8379-9D21729D879F}.Release|Mixed Platforms.Build.0 = Release|x86
		{C68B8F4A-A46B-4435-8379-9D21729D879F}.Release|x64.ActiveCfg = Release|x86
		{C68B8F4A-A46B-4435-8379-9D21729D879F}.Release|x86.ActiveCfg = Release|x86
		{C68B8F4A-A46B-4435-8379-9D21729D879F}.Release|x86.Build.0 = Release|x86
	EndGlobalSection
	GlobalSection(SolutionProperties) = preSolution
		HideSolutionNode = FALSE
	EndGlobalSection
EndGlobal
